
Microsoft Visual Studio Solution File, Format Version 12.00
# Visual Studio Version 16
VisualStudioVersion = 16.0.30523.141
MinimumVisualStudioVersion = 10.0.40219.1
Project("{9A19103F-16F7-4668-BE54-9A1E7A4F7556}") = "DataBlendLibrary", "DataBlendLibrary\DataBlendLibrary.csproj", "{B50A625A-41A2-4685-A6E4-E341821BDA57}"
EndProject
Project("{FAE04EC0-301F-11D3-BF4B-00C04F79EFBC}") = "UnitTest", "UnitTest\UnitTest.csproj", "{0411F592-779D-47C3-8540-116861EB54E1}"
EndProject
Project("{FAE04EC0-301F-11D3-BF4B-00C04F79EFBC}") = "APITester", "APITester\APITester.csproj", "{F494303E-664F-4D9F-892D-2AE1A87782E5}"
EndProject
Global
	GlobalSection(SolutionConfigurationPlatforms) = preSolution
		Debug|Any CPU = Debug|Any CPU
		Release|Any CPU = Release|Any CPU
	EndGlobalSection
	GlobalSection(ProjectConfigurationPlatforms) = postSolution
		{B50A625A-41A2-4685-A6E4-E341821BDA57}.Debug|Any CPU.ActiveCfg = Debug|Any CPU
		{B50A625A-41A2-4685-A6E4-E341821BDA57}.Debug|Any CPU.Build.0 = Debug|Any CPU
		{B50A625A-41A2-4685-A6E4-E341821BDA57}.Release|Any CPU.ActiveCfg = Release|Any CPU
		{B50A625A-41A2-4685-A6E4-E341821BDA57}.Release|Any CPU.Build.0 = Release|Any CPU
		{0411F592-779D-47C3-8540-116861EB54E1}.Debug|Any CPU.ActiveCfg = Debug|Any CPU
		{0411F592-779D-47C3-8540-116861EB54E1}.Debug|Any CPU.Build.0 = Debug|Any CPU
		{0411F592-779D-47C3-8540-116861EB54E1}.Release|Any CPU.ActiveCfg = Release|Any CPU
		{0411F592-779D-47C3-8540-116861EB54E1}.Release|Any CPU.Build.0 = Release|Any CPU
		{F494303E-664F-4D9F-892D-2AE1A87782E5}.Debug|Any CPU.ActiveCfg = Debug|Any CPU
		{F494303E-664F-4D9F-892D-2AE1A87782E5}.Debug|Any CPU.Build.0 = Debug|Any CPU
		{F494303E-664F-4D9F-892D-2AE1A87782E5}.Release|Any CPU.ActiveCfg = Release|Any CPU
		{F494303E-664F-4D9F-892D-2AE1A87782E5}.Release|Any CPU.Build.0 = Release|Any CPU
	EndGlobalSection
	GlobalSection(SolutionProperties) = preSolution
		HideSolutionNode = FALSE
	EndGlobalSection
	GlobalSection(ExtensibilityGlobals) = postSolution
		SolutionGuid = {494337AE-1F85-4F50-95DD-3158089EC8BB}
	EndGlobalSection
EndGlobal
